github.com/GoogleChrome/workbox v6.5.4+incompatible h1:J4yOdtnLGsxom7oTS+mRegKJ5a+Wi4j2qfZ72AWRlOM=
github.com/GoogleChrome/workbox v6.5.4+incompatible/go.mod h1:dyEoGLpJeO43pUVJb+nNNr1WRgoF81hNEl4UGLV+yow=
github.com/gohugoio/hugo-mod-jslibs-dist/popperjs/v2 v2.21100.20000 h1:GZxx4Hc+yb0/t3/rau1j8XlAxLE4CyXns2fqQbyqWfs=
github.com/gohugoio/hugo-mod-jslibs-dist/popperjs/v2 v2.21100.20000/go.mod h1:mFberT6ZtcchrsDtfvJM7aAH2bDKLdOnruUHl0hlapI=
github.com/hbstack/base v0.1.0 h1:jTxY5aVtnCc4x2MZgVB8gR/8/4ahvQ9hPYBPrxDXCaU=
github.com/hbstack/base v0.1.0/go.mod h1:DytQuMuDcCQ4gdIQvx/3+ekyQL/ReDqbEJc2pq+j3R0=
github.com/hbstack/base v0.1.1/go.mod h1:7J9OWva2kKpSSLHmVCErdcu9x5rkM9Y9EXBdumon/0Q=
github.com/hbstack/hb v0.1.0 h1:GbnJbJi9c9gdXkfESqjt5eCZZ5NQmuhbsLCnMOnPyu4=
github.com/hbstack/hb v0.1.0/go.mod h1:0AZsAVtgylZcPEAF4bwX1Zyy/hRBGSXoj+usD/wMr4A=
github.com/hbstack/hb v0.1.2/go.mod h1:j1CyW+HWmbqdAgagn8FPEtdTGZEdTHVZdml+vqfsKiU=
github.com/hugomods/idb-js v0.1.0 h1:mA6hEGtR0aFEdmq9zYMGpfSpCU6SMilx9RzC4uK3DqY=
github.com/hugomods/idb-js v0.1.0/go.mod h1:GPfnmr+BQpP4s6Epd4Yu+RlUog8q/Djw8qy8BZFWZ04=
github.com/hugomods/pwa v0.1.0 h1:H8MF1nx3tFD5gjhW12ZQAoDGMUtxpGmL4A3+cnvkYeM=
github.com/hugomods/pwa v0.1.0/go.mod h1:gNUU0CesSWxJAeK3lBk+vlHiqJO+E+5p2ylLj0OIaM8=
